
Microsoft Visual Studio Solution File, Format Version 11.00
# Visual Studio 2010
Project("{002A2DE9-8BB6-484D-9802-7E4AD4084715}") = "DPspEmulatorTest", "DPspEmulatorTest\DPspEmulatorTest.visualdproj", "{19182EBE-86E7-45BA-A49A-1E663A693BC3}"
	ProjectSection(ProjectDependencies) = postProject
		{A30C561B-40A3-46A7-9269-66FAD4E544E0} = {A30C561B-40A3-46A7-9269-66FAD4E544E0}
	EndProjectSection
EndProject
Project("{002A2DE9-8BB6-484D-9802-7E4AD4084715}") = "DPspEmulatorCore", "DPspEmulatorCore\DPspEmulatorCore.visualdproj", "{F4DF87BA-13B6-41BC-BD9C-203397BAAC7D}"
EndProject
Project("{002A2DE9-8BB6-484D-9802-7E4AD4084715}") = "DPspEmulatorHle", "DPspEmulatorHle\DPspEmulatorHle.visualdproj", "{135430F3-FE2E-4E6A-8724-433739D8DD05}"
EndProject
Project("{002A2DE9-8BB6-484D-9802-7E4AD4084715}") = "DPspEmulatorGpu", "DPspEmulatorGpu\DPspEmulatorGpu.visualdproj", "{A30C561B-40A3-46A7-9269-66FAD4E544E0}"
	ProjectSection(ProjectDependencies) = postProject
		{F4DF87BA-13B6-41BC-BD9C-203397BAAC7D} = {F4DF87BA-13B6-41BC-BD9C-203397BAAC7D}
	EndProjectSection
EndProject
Project("{002A2DE9-8BB6-484D-9802-7E4AD4084715}") = "DPspEmulatorUtils", "DPspEmulatorUtils\DPspEmulatorUtils.visualdproj", "{28E3F9B2-BB84-4DDF-BE6A-1D200A9D5BEF}"
EndProject
Global
	GlobalSection(SolutionConfigurationPlatforms) = preSolution
		Debug|Win32 = Debug|Win32
		Release|Win32 = Release|Win32
	EndGlobalSection
	GlobalSection(ProjectConfigurationPlatforms) = postSolution
		{19182EBE-86E7-45BA-A49A-1E663A693BC3}.Debug|Win32.ActiveCfg = Debug|Win32
		{19182EBE-86E7-45BA-A49A-1E663A693BC3}.Debug|Win32.Build.0 = Debug|Win32
		{19182EBE-86E7-45BA-A49A-1E663A693BC3}.Release|Win32.ActiveCfg = Release|Win32
		{19182EBE-86E7-45BA-A49A-1E663A693BC3}.Release|Win32.Build.0 = Release|Win32
		{F4DF87BA-13B6-41BC-BD9C-203397BAAC7D}.Debug|Win32.ActiveCfg = Debug|Win32
		{F4DF87BA-13B6-41BC-BD9C-203397BAAC7D}.Debug|Win32.Build.0 = Debug|Win32
		{F4DF87BA-13B6-41BC-BD9C-203397BAAC7D}.Release|Win32.ActiveCfg = Release|Win32
		{F4DF87BA-13B6-41BC-BD9C-203397BAAC7D}.Release|Win32.Build.0 = Release|Win32
		{135430F3-FE2E-4E6A-8724-433739D8DD05}.Debug|Win32.ActiveCfg = Debug|Win32
		{135430F3-FE2E-4E6A-8724-433739D8DD05}.Debug|Win32.Build.0 = Debug|Win32
		{135430F3-FE2E-4E6A-8724-433739D8DD05}.Release|Win32.ActiveCfg = Release|Win32
		{135430F3-FE2E-4E6A-8724-433739D8DD05}.Release|Win32.Build.0 = Release|Win32
		{A30C561B-40A3-46A7-9269-66FAD4E544E0}.Debug|Win32.ActiveCfg = Debug|Win32
		{A30C561B-40A3-46A7-9269-66FAD4E544E0}.Debug|Win32.Build.0 = Debug|Win32
		{A30C561B-40A3-46A7-9269-66FAD4E544E0}.Release|Win32.ActiveCfg = Release|Win32
		{A30C561B-40A3-46A7-9269-66FAD4E544E0}.Release|Win32.Build.0 = Release|Win32
		{28E3F9B2-BB84-4DDF-BE6A-1D200A9D5BEF}.Debug|Win32.ActiveCfg = Debug|Win32
		{28E3F9B2-BB84-4DDF-BE6A-1D200A9D5BEF}.Debug|Win32.Build.0 = Debug|Win32
		{28E3F9B2-BB84-4DDF-BE6A-1D200A9D5BEF}.Release|Win32.ActiveCfg = Release|Win32
		{28E3F9B2-BB84-4DDF-BE6A-1D200A9D5BEF}.Release|Win32.Build.0 = Release|Win32
	EndGlobalSection
	GlobalSection(SolutionProperties) = preSolution
		HideSolutionNode = FALSE
	EndGlobalSection
EndGlobal
